
Microsoft Visual Studio Solution File, Format Version 12.00
# Visual Studio 15
VisualStudioVersion = 15.0.26228.9
MinimumVisualStudioVersion = 10.0.40219.1
Project("{8BC9CEB8-8B4A-11D0-8D11-00A0C91BC942}") = "ELSA", "ELSA\ELSA.vcxproj", "{65668615-78AF-492F-91D2-3A4191F10B2B}"
EndProject
Global
	GlobalSection(SolutionConfigurationPlatforms) = preSolution
		Debug|x64 = Debug|x64
		Debug|x86 = Debug|x86
		Release|x64 = Release|x64
		Release|x86 = Release|x86
	EndGlobalSection
	GlobalSection(ProjectConfigurationPlatforms) = postSolution
		{65668615-78AF-492F-91D2-3A4191F10B2B}.Debug|x64.ActiveCfg = Debug|Win32
		{65668615-78AF-492F-91D2-3A4191F10B2B}.Debug|x64.Build.0 = Debug|Win32
		{65668615-78AF-492F-91D2-3A4191F10B2B}.Debug|x86.ActiveCfg = Debug|Win32
		{65668615-78AF-492F-91D2-3A4191F10B2B}.Debug|x86.Build.0 = Debug|Win32
		{65668615-78AF-492F-91D2-3A4191F10B2B}.Release|x64.ActiveCfg = Release|Win32
		{65668615-78AF-492F-91D2-3A4191F10B2B}.Release|x64.Build.0 = Release|Win32
		{65668615-78AF-492F-91D2-3A4191F10B2B}.Release|x86.ActiveCfg = Release|Win32
		{65668615-78AF-492F-91D2-3A4191F10B2B}.Release|x86.Build.0 = Release|Win32
	EndGlobalSection
	GlobalSection(SolutionProperties) = preSolution
		HideSolutionNode = FALSE
	EndGlobalSection
	GlobalSection(ExtensibilityGlobals) = postSolution
		SolutionGuid = {01C69DF6-ADB9-4858-8770-E9BEAB572E39}
	EndGlobalSection
EndGlobal
