<?xml version="1.0" encoding="utf-8"?>
<Project ToolsVersion="4.0" xmlns="http://schemas.microsoft.com/developer/msbuild/2003">
  <ItemGroup>
    <Filter Include="Source Files">
      <UniqueIdentifier>{4FC737F1-C7A5-4376-A066-2A32D752A2FF}</UniqueIdentifier>
      <Extensions>cpp;c;cc;cxx;def;odl;idl;hpj;bat;asm;asmx</Extensions>
    </Filter>
    <Filter Include="Header Files">
      <UniqueIdentifier>{93995380-89BD-4b04-88EB-625FBE52EBFB}</UniqueIdentifier>
      <Extensions>h;hh;hpp;hxx;hm;inl;inc;xsd</Extensions>
    </Filter>
    <Filter Include="Resource Files">
      <UniqueIdentifier>{67DA6AB6-F800-4c08-8B7A-83BB121AAD01}</UniqueIdentifier>
      <Extensions>rc;ico;cur;bmp;dlg;rc2;rct;bin;rgs;gif;jpg;jpeg;jpe;resx;tiff;tif;png;wav;mfcribbon-ms</Extensions>
    </Filter>
    <Filter Include="Source Files\Graphics">
      <UniqueIdentifier>{897684c7-78fa-427b-a4b4-b32730a6ef35}</UniqueIdentifier>
    </Filter>
    <Filter Include="Header Files\Graphics">
      <UniqueIdentifier>{4390d1c5-4b8d-4f5e-9e41-7ff346f2a326}</UniqueIdentifier>
    </Filter>
  </ItemGroup>
  <ItemGroup>
    <ClInclude Include="Atom\Atom.h">
      <Filter>Header Files</Filter>
    </ClInclude>
    <ClInclude Include="Cell\Cell.h">
      <Filter>Header Files</Filter>
    </ClInclude>
    <ClInclude Include="Material\Material.h">
      <Filter>Header Files</Filter>
    </ClInclude>
    <ClInclude Include="Parameters\Parameters.h">
      <Filter>Header Files</Filter>
    </ClInclude>
    <ClInclude Include="Results\Results.h">
      <Filter>Header Files</Filter>
    </ClInclude>
    <ClInclude Include="World\World.h">
      <Filter>Header Files</Filter>
    </ClInclude>
    <ClInclude Include="Simulation\Simulation.h">
      <Filter>Header Files</Filter>
    </ClInclude>
    <ClInclude Include="Gui.h">
      <Filter>Header Files</Filter>
    </ClInclude>
    <ClInclude Include="controls.hpp">
      <Filter>Header Files\Graphics</Filter>
    </ClInclude>
    <ClInclude Include="imgui-master\imgui.h">
      <Filter>Header Files\Graphics</Filter>
    </ClInclude>
    <ClInclude Include="imgui-master\imgui_impl_glfw.h">
      <Filter>Header Files\Graphics</Filter>
    </ClInclude>
    <ClInclude Include="imgui-master\imgui_impl_opengl3.h">
      <Filter>Header Files\Graphics</Filter>
    </ClInclude>
    <ClInclude Include="imgui-master\imgui_internal.h">
      <Filter>Header Files\Graphics</Filter>
    </ClInclude>
    <ClInclude Include="imgui-master\imstb_rectpack.h">
      <Filter>Header Files\Graphics</Filter>
    </ClInclude>
    <ClInclude Include="imgui-master\imstb_truetype.h">
      <Filter>Header Files\Graphics</Filter>
    </ClInclude>
    <ClInclude Include="imgui-master\imstb_textedit.h">
      <Filter>Header Files\Graphics</Filter>
    </ClInclude>
    <ClInclude Include="objloader.hpp">
      <Filter>Header Files\Graphics</Filter>
    </ClInclude>
    <ClInclude Include="quaternion_utils.hpp">
      <Filter>Header Files\Graphics</Filter>
    </ClInclude>
    <ClInclude Include="shader.hpp">
      <Filter>Header Files\Graphics</Filter>
    </ClInclude>
    <ClInclude Include="tangentspace.hpp">
      <Filter>Header Files\Graphics</Filter>
    </ClInclude>
    <ClInclude Include="text2D.hpp">
      <Filter>Header Files\Graphics</Filter>
    </ClInclude>
    <ClInclude Include="texture.hpp">
      <Filter>Header Files\Graphics</Filter>
    </ClInclude>
    <ClInclude Include="vboindexer.hpp">
      <Filter>Header Files\Graphics</Filter>
    </ClInclude>
    <ClInclude Include="visual.h">
      <Filter>Header Files\Graphics</Filter>
    </ClInclude>
    <ClInclude Include="resource.h">
      <Filter>Header Files</Filter>
    </ClInclude>
  </ItemGroup>
  <ItemGroup>
    <ClCompile Include="Atom\Atom.cpp">
      <Filter>Source Files</Filter>
    </ClCompile>
    <ClCompile Include="Cell\Cell.cpp">
      <Filter>Source Files</Filter>
    </ClCompile>
    <ClCompile Include="Main.cpp">
      <Filter>Source Files</Filter>
    </ClCompile>
    <ClCompile Include="Material\Material.cpp">
      <Filter>Source Files</Filter>
    </ClCompile>
    <ClCompile Include="Parameters\Parameters.cpp">
      <Filter>Source Files</Filter>
    </ClCompile>
    <ClCompile Include="Results\Results.cpp">
      <Filter>Source Files</Filter>
    </ClCompile>
    <ClCompile Include="World\World.cpp">
      <Filter>Source Files</Filter>
    </ClCompile>
    <ClCompile Include="Simulation\Simulation.cpp">
      <Filter>Source Files</Filter>
    </ClCompile>
    <ClCompile Include="imgui-master\imgui.cpp">
      <Filter>Source Files\Graphics</Filter>
    </ClCompile>
    <ClCompile Include="controls.cpp">
      <Filter>Source Files\Graphics</Filter>
    </ClCompile>
    <ClCompile Include="Gui.cpp">
      <Filter>Source Files\Graphics</Filter>
    </ClCompile>
    <ClCompile Include="imgui-master\imgui_demo.cpp">
      <Filter>Source Files\Graphics</Filter>
    </ClCompile>
    <ClCompile Include="imgui-master\imgui_draw.cpp">
      <Filter>Source Files\Graphics</Filter>
    </ClCompile>
    <ClCompile Include="imgui-master\imgui_impl_glfw.cpp">
      <Filter>Source Files\Graphics</Filter>
    </ClCompile>
    <ClCompile Include="imgui-master\imgui_impl_opengl3.cpp">
      <Filter>Source Files\Graphics</Filter>
    </ClCompile>
    <ClCompile Include="imgui-master\imgui_widgets.cpp">
      <Filter>Source Files\Graphics</Filter>
    </ClCompile>
    <ClCompile Include="objloader.cpp">
      <Filter>Source Files\Graphics</Filter>
    </ClCompile>
    <ClCompile Include="quaternion_utils.cpp">
      <Filter>Source Files\Graphics</Filter>
    </ClCompile>
    <ClCompile Include="shader.cpp">
      <Filter>Source Files\Graphics</Filter>
    </ClCompile>
    <ClCompile Include="tangentspace.cpp">
      <Filter>Source Files\Graphics</Filter>
    </ClCompile>
    <ClCompile Include="text2D.cpp">
      <Filter>Source Files\Graphics</Filter>
    </ClCompile>
    <ClCompile Include="texture.cpp">
      <Filter>Source Files\Graphics</Filter>
    </ClCompile>
    <ClCompile Include="vboindexer.cpp">
      <Filter>Source Files\Graphics</Filter>
    </ClCompile>
    <ClCompile Include="visual.cpp">
      <Filter>Source Files\Graphics</Filter>
    </ClCompile>
  </ItemGroup>
  <ItemGroup>
    <ClInclude Include="Atom\Atom.h">
      <Filter>Header Files</Filter>
    </ClInclude>
    <ClInclude Include="Cell\Cell.h">
      <Filter>Header Files</Filter>
    </ClInclude>
    <ClInclude Include="Material\Material.h">
      <Filter>Header Files</Filter>
    </ClInclude>
    <ClInclude Include="Parameters\Parameters.h">
      <Filter>Header Files</Filter>
    </ClInclude>
    <ClInclude Include="Results\Results.h">
      <Filter>Header Files</Filter>
    </ClInclude>
    <ClInclude Include="World\World.h">
      <Filter>Header Files</Filter>
    </ClInclude>
    <ClInclude Include="Simulation\Simulation.h">
      <Filter>Header Files</Filter>
    </ClInclude>
  </ItemGroup>
  <ItemGroup>
    <ClCompile Include="Atom\Atom.cpp">
      <Filter>Source Files</Filter>
    </ClCompile>
    <ClCompile Include="Cell\Cell.cpp">
      <Filter>Source Files</Filter>
    </ClCompile>
    <ClCompile Include="Main.cpp">
      <Filter>Source Files</Filter>
    </ClCompile>
    <ClCompile Include="Material\Material.cpp">
      <Filter>Source Files</Filter>
    </ClCompile>
    <ClCompile Include="Parameters\Parameters.cpp">
      <Filter>Source Files</Filter>
    </ClCompile>
    <ClCompile Include="Results\Results.cpp">
      <Filter>Source Files</Filter>
    </ClCompile>
    <ClCompile Include="World\World.cpp">
      <Filter>Source Files</Filter>
    </ClCompile>
    <ClCompile Include="Simulation\Simulation.cpp">
      <Filter>Source Files</Filter>
    </ClCompile>
  </ItemGroup>
  <ItemGroup>
    <Image Include="ELSA.ico">
      <Filter>Resource Files</Filter>
    </Image>
  </ItemGroup>
  <ItemGroup>
    <ResourceCompile Include="ELSA.rc">
      <Filter>Resource Files</Filter>
    </ResourceCompile>
  </ItemGroup>
</Project>